github.com/lcylpzls/cryptox v1.4.0 h1:aZVeeUp8olKWX7/CNV7Wk2jMFOWUzPUcWea3OcODITY=
github.com/lcylpzls/cryptox v1.4.0/go.mod h1:MXJCMZmEm0QsAXqVNtJ7wq8n7jwjycE2T8yiCcFNOCg=
github.com/lcylpzls/errx v1.6.1 h1:qYCBKIoQhkTy7YbOKqYh6PMUcjgjqfXkyY0BnM6dPaI=
github.com/lcylpzls/errx v1.6.1/go.mod h1:XbDAi6/eu4PGoEN+3lPzDW8CkOMKPhKmqVCN2OITZbo=
github.com/lcylpzls/idgenx v1.5.2 h1:xnIHeRW9MZNfJKFpu5ghVmqvOHvAar4UKvOmqDbC91s=
github.com/lcylpzls/idgenx v1.5.2/go.mod h1:gFfbrVbjVsgi+lbOymIZzlsGe7HlGafPBydEp5ukcyo=
github.com/lcylpzls/logx v1.5.2 h1:touQOodcsb577RmMNqIQi884IfYP67T/gSaxh3qE0V0=
github.com/lcylpzls/logx v1.5.2/go.mod h1:SWDhu433gnWgArchfUqDmg/vP7ZnWGWBStEBfVF98fs=
github.com/lcylpzls/testx v1.5.0 h1:ZOsqIoTZTF4QAe7DTE1jGCJHyrEpwg016a9vLsu3VCo=
github.com/lcylpzls/testx v1.5.0/go.mod h1:sKGsKwNmJ/SAmrWdZO+4tot7RGilWKEuQLMpv3c3+cw=
github.com/lcylpzls/tracex/contract v1.0.0 h1:H0/vDBKsIoYbi2R2lUh2DaM9VAIRm39iFR9wlugavTw=
github.com/lcylpzls/tracex/contract v1.0.0/go.mod h1:+CdUp8rAvExbR3bRDMxkZhOxRQYrSj/xl3G04MQQcVc=
github.com/lcylpzls/validx v1.3.1 h1:df65DaD5qUlZlnCVWdvxnihEURjqEdr8BUNJ35xCc4A=
github.com/lcylpzls/validx v1.3.1/go.mod h1:A72lUEFYJAfDC4H5HQfG8qI5Lg52EMhuOC0BNseBV00=
golang.org/x/crypto v0.55.0 h1:+KWHjbgOaAQ66dh/YlkZKHlz9ZUlq61AFirAR9ntP8M=
golang.org/x/crypto v0.55.0/go.mod h1:uq0V9dE/fzQuJtbnL+2EhWOE63vo164FY8xqEnV9xis=
golang.org/x/sys v0.47.0 h1:o7XGOvZQCADBQQ4Y7VNq2dRWQR7JmOUW8Kxx4ZsNgWs=
golang.org/x/sys v0.47.0/go.mod h1:4GL1E5IUh+htKOUEOaiffhrAeqysfVGipDYzABqnCmw=
